// !$*UTF8*$!
{
	archiveVersion = 1;
	classes = {
	};
	objectVersion = 55;
	objects = {

/* Begin PBXBuildFile section */
		498C31692797065700E8CF3E /* TrekrAppApp.swift in Sources */ = {isa = PBXBuildFile; fileRef = 498C31592797065500E8CF3E /* TrekrAppApp.swift */; };
		498C316A2797065700E8CF3E /* TrekrAppApp.swift in Sources */ = {isa = PBXBuildFile; fileRef = 498C31592797065500E8CF3E /* TrekrAppApp.swift */; };
		498C316D2797065700E8CF3E /* Assets.xcassets in Resources */ = {isa = PBXBuildFile; fileRef = 498C315B2797065700E8CF3E /* Assets.xcassets */; };
		498C316E2797065700E8CF3E /* Assets.xcassets in Resources */ = {isa = PBXBuildFile; fileRef = 498C315B2797065700E8CF3E /* Assets.xcassets */; };
		498C317B2797099C00E8CF3E /* tips.json in Resources */ = {isa = PBXBuildFile; fileRef = 498C31792797099C00E8CF3E /* tips.json */; };
		498C317C2797099C00E8CF3E /* tips.json in Resources */ = {isa = PBXBuildFile; fileRef = 498C31792797099C00E8CF3E /* tips.json */; };
		498C317D2797099C00E8CF3E /* locations.json in Resources */ = {isa = PBXBuildFile; fileRef = 498C317A2797099C00E8CF3E /* locations.json */; };
		498C317E2797099C00E8CF3E /* locations.json in Resources */ = {isa = PBXBuildFile; fileRef = 498C317A2797099C00E8CF3E /* locations.json */; };
		498C318027970C5200E8CF3E /* Location.swift in Sources */ = {isa = PBXBuildFile; fileRef = 498C317F27970C5200E8CF3E /* Location.swift */; };
		498C318127970C5200E8CF3E /* Location.swift in Sources */ = {isa = PBXBuildFile; fileRef = 498C317F27970C5200E8CF3E /* Location.swift */; };
		498C318327970DDC00E8CF3E /* LocationDetail.swift in Sources */ = {isa = PBXBuildFile; fileRef = 498C318227970DDC00E8CF3E /* LocationDetail.swift */; };
		498C318427970DDC00E8CF3E /* LocationDetail.swift in Sources */ = {isa = PBXBuildFile; fileRef = 498C318227970DDC00E8CF3E /* LocationDetail.swift */; };
/* End PBXBuildFile section */

/* Begin PBXFileReference section */
		498C31592797065500E8CF3E /* TrekrAppApp.swift */ = {isa = PBXFileReference; lastKnownFileType = sourcecode.swift; path = TrekrAppApp.swift; sourceTree = "<group>"; };
		498C315B2797065700E8CF3E /* Assets.xcassets */ = {isa = PBXFileReference; lastKnownFileType = folder.assetcatalog; path = Assets.xcassets; sourceTree = "<group>"; };
		498C31602797065700E8CF3E /* TrekrApp.app */ = {isa = PBXFileReference; explicitFileType = wrapper.application; includeInIndex = 0; path = TrekrApp.app; sourceTree = BUILT_PRODUCTS_DIR; };
		498C31662797065700E8CF3E /* TrekrApp.app */ = {isa = PBXFileReference; explicitFileType = wrapper.application; includeInIndex = 0; path = TrekrApp.app; sourceTree = BUILT_PRODUCTS_DIR; };
		498C31682797065700E8CF3E /* macOS.entitlements */ = {isa = PBXFileReference; lastKnownFileType = text.plist.entitlements; path = macOS.entitlements; sourceTree = "<group>"; };
		498C31792797099C00E8CF3E /* tips.json */ = {isa = PBXFileReference; fileEncoding = 4; lastKnownFileType = text.json; path = tips.json; sourceTree = "<group>"; };
		498C317A2797099C00E8CF3E /* locations.json */ = {isa = PBXFileReference; fileEncoding = 4; lastKnownFileType = text.json; path = locations.json; sourceTree = "<group>"; };
		498C317F27970C5200E8CF3E /* Location.swift */ = {isa = PBXFileReference; lastKnownFileType = sourcecode.swift; path = Location.swift; sourceTree = "<group>"; };
		498C318227970DDC00E8CF3E /* LocationDetail.swift */ = {isa = PBXFileReference; lastKnownFileType = sourcecode.swift; path = LocationDetail.swift; sourceTree = "<group>"; };
/* End PBXFileReference section */

/* Begin PBXFrameworksBuildPhase section */
		498C315D2797065700E8CF3E /* Frameworks */ = {
			isa = PBXFrameworksBuildPhase;
			buildActionMask = 2147483647;
			files = (
			);
			runOnlyForDeploymentPostprocessing = 0;
		};
		498C31632797065700E8CF3E /* Frameworks */ = {
			isa = PBXFrameworksBuildPhase;
			buildActionMask = 2147483647;
			files = (
			);
			runOnlyForDeploymentPostprocessing = 0;
		};
/* End PBXFrameworksBuildPhase section */

/* Begin PBXGroup section */
		498C31532797065500E8CF3E = {
			isa = PBXGroup;
			children = (
				498C31582797065500E8CF3E /* Shared */,
				498C31672797065700E8CF3E /* macOS */,
				498C31612797065700E8CF3E /* Products */,
			);
			sourceTree = "<group>";
		};
		498C31582797065500E8CF3E /* Shared */ = {
			isa = PBXGroup;
			children = (
				498C31592797065500E8CF3E /* TrekrAppApp.swift */,
				498C3178279706B300E8CF3E /* Model */,
				498C3177279706AD00E8CF3E /* Views */,
				498C315B2797065700E8CF3E /* Assets.xcassets */,
			);
			path = Shared;
			sourceTree = "<group>";
		};
		498C31612797065700E8CF3E /* Products */ = {
			isa = PBXGroup;
			children = (
				498C31602797065700E8CF3E /* TrekrApp.app */,
				498C31662797065700E8CF3E /* TrekrApp.app */,
			);
			name = Products;
			sourceTree = "<group>";
		};
		498C31672797065700E8CF3E /* macOS */ = {
			isa = PBXGroup;
			children = (
				498C31682797065700E8CF3E /* macOS.entitlements */,
			);
			path = macOS;
			sourceTree = "<group>";
		};
		498C3177279706AD00E8CF3E /* Views */ = {
			isa = PBXGroup;
			children = (
				498C318227970DDC00E8CF3E /* LocationDetail.swift */,
			);
			path = Views;
			sourceTree = "<group>";
		};
		498C3178279706B300E8CF3E /* Model */ = {
			isa = PBXGroup;
			children = (
				498C317A2797099C00E8CF3E /* locations.json */,
				498C31792797099C00E8CF3E /* tips.json */,
				498C317F27970C5200E8CF3E /* Location.swift */,
			);
			path = Model;
			sourceTree = "<group>";
		};
/* End PBXGroup section */

/* Begin PBXNativeTarget section */
		498C315F2797065700E8CF3E /* TrekrApp (iOS) */ = {
			isa = PBXNativeTarget;
			buildConfigurationList = 498C31712797065700E8CF3E /* Build configuration list for PBXNativeTarget "TrekrApp (iOS)" */;
			buildPhases = (
				498C315C2797065700E8CF3E /* Sources */,
				498C315D2797065700E8CF3E /* Frameworks */,
				498C315E2797065700E8CF3E /* Resources */,
			);
			buildRules = (
			);
			dependencies = (
			);
			name = "TrekrApp (iOS)";
			productName = "TrekrApp (iOS)";
			productReference = 498C31602797065700E8CF3E /* TrekrApp.app */;
			productType = "com.apple.product-type.application";
		};
		498C31652797065700E8CF3E /* TrekrApp (macOS) */ = {
			isa = PBXNativeTarget;
			buildConfigurationList = 498C31742797065700E8CF3E /* Build configuration list for PBXNativeTarget "TrekrApp (macOS)" */;
			buildPhases = (
				498C31622797065700E8CF3E /* Sources */,
				498C31632797065700E8CF3E /* Frameworks */,
				498C31642797065700E8CF3E /* Resources */,
			);
			buildRules = (
			);
			dependencies = (
			);
			name = "TrekrApp (macOS)";
			productName = "TrekrApp (macOS)";
			productReference = 498C31662797065700E8CF3E /* TrekrApp.app */;
			productType = "com.apple.product-type.application";
		};
/* End PBXNativeTarget section */

/* Begin PBXProject section */
		498C31542797065500E8CF3E /* Project object */ = {
			isa = PBXProject;
			attributes = {
				BuildIndependentTargetsInParallel = 1;
				LastSwiftUpdateCheck = 1320;
				LastUpgradeCheck = 1320;
				TargetAttributes = {
					498C315F2797065700E8CF3E = {
						CreatedOnToolsVersion = 13.2.1;
					};
					498C31652797065700E8CF3E = {
						CreatedOnToolsVersion = 13.2.1;
					};
				};
			};
			buildConfigurationList = 498C31572797065500E8CF3E /* Build configuration list for PBXProject "TrekrApp" */;
			compatibilityVersion = "Xcode 13.0";
			developmentRegion = en;
			hasScannedForEncodings = 0;
			knownRegions = (
				en,
				Base,
			);
			mainGroup = 498C31532797065500E8CF3E;
			productRefGroup = 498C31612797065700E8CF3E /* Products */;
			projectDirPath = "";
			projectRoot = "";
			targets = (
				498C315F2797065700E8CF3E /* TrekrApp (iOS) */,
				498C31652797065700E8CF3E /* TrekrApp (macOS) */,
			);
		};
/* End PBXProject section */

/* Begin PBXResourcesBuildPhase section */
		498C315E2797065700E8CF3E /* Resources */ = {
			isa = PBXResourcesBuildPhase;
			buildActionMask = 2147483647;
			files = (
				498C316D2797065700E8CF3E /* Assets.xcassets in Resources */,
				498C317D2797099C00E8CF3E /* locations.json in Resources */,
				498C317B2797099C00E8CF3E /* tips.json in Resources */,
			);
			runOnlyForDeploymentPostprocessing = 0;
		};
		498C31642797065700E8CF3E /* Resources */ = {
			isa = PBXResourcesBuildPhase;
			buildActionMask = 2147483647;
			files = (
				498C316E2797065700E8CF3E /* Assets.xcassets in Resources */,
				498C317E2797099C00E8CF3E /* locations.json in Resources */,
				498C317C2797099C00E8CF3E /* tips.json in Resources */,
			);
			runOnlyForDeploymentPostprocessing = 0;
		};
/* End PBXResourcesBuildPhase section */

/* Begin PBXSourcesBuildPhase section */
		498C315C2797065700E8CF3E /* Sources */ = {
			isa = PBXSourcesBuildPhase;
			buildActionMask = 2147483647;
			files = (
				498C318027970C5200E8CF3E /* Location.swift in Sources */,
				498C31692797065700E8CF3E /* TrekrAppApp.swift in Sources */,
				498C318327970DDC00E8CF3E /* LocationDetail.swift in Sources */,
			);
			runOnlyForDeploymentPostprocessing = 0;
		};
		498C31622797065700E8CF3E /* Sources */ = {
			isa = PBXSourcesBuildPhase;
			buildActionMask = 2147483647;
			files = (
				498C318127970C5200E8CF3E /* Location.swift in Sources */,
				498C316A2797065700E8CF3E /* TrekrAppApp.swift in Sources */,
				498C318427970DDC00E8CF3E /* LocationDetail.swift in Sources */,
			);
			runOnlyForDeploymentPostprocessing = 0;
		};
/* End PBXSourcesBuildPhase section */

/* Begin XCBuildConfiguration section */
		498C316F2797065700E8CF3E /* Debug */ = {
			isa = XCBuildConfiguration;
			buildSettings = {
				ALWAYS_SEARCH_USER_PATHS = NO;
				CLANG_ANALYZER_NONNULL = YES;
				CLANG_ANALYZER_NUMBER_OBJECT_CONVERSION = YES_AGGRESSIVE;
				CLANG_CXX_LANGUAGE_STANDARD = "gnu++17";
				CLANG_CXX_LIBRARY = "libc++";
				CLANG_ENABLE_MODULES = YES;
				CLANG_ENABLE_OBJC_ARC = YES;
				CLANG_ENABLE_OBJC_WEAK = YES;
				CLANG_WARN_BLOCK_CAPTURE_AUTORELEASING = YES;
				CLANG_WARN_BOOL_CONVERSION = YES;
				CLANG_WARN_COMMA = YES;
				CLANG_WARN_CONSTANT_CONVERSION = YES;
				CLANG_WARN_DEPRECATED_OBJC_IMPLEMENTATIONS = YES;
				CLANG_WARN_DIRECT_OBJC_ISA_USAGE = YES_ERROR;
				CLANG_WARN_DOCUMENTATION_COMMENTS = YES;
				CLANG_WARN_EMPTY_BODY = YES;
				CLANG_WARN_ENUM_CONVERSION = YES;
				CLANG_WARN_INFINITE_RECURSION = YES;
				CLANG_WARN_INT_CONVERSION = YES;
				CLANG_WARN_NON_LITERAL_NULL_CONVERSION = YES;
				CLANG_WARN_OBJC_IMPLICIT_RETAIN_SELF = YES;
				CLANG_WARN_OBJC_LITERAL_CONVERSION = YES;
				CLANG_WARN_OBJC_ROOT_CLASS = YES_ERROR;
				CLANG_WARN_QUOTED_INCLUDE_IN_FRAMEWORK_HEADER = YES;
				CLANG_WARN_RANGE_LOOP_ANALYSIS = YES;
				CLANG_WARN_STRICT_PROTOTYPES = YES;
				CLANG_WARN_SUSPICIOUS_MOVE = YES;
				CLANG_WARN_UNGUARDED_AVAILABILITY = YES_AGGRESSIVE;
				CLANG_WARN_UNREACHABLE_CODE = YES;
				CLANG_WARN__DUPLICATE_METHOD_MATCH = YES;
				COPY_PHASE_STRIP = NO;
				DEBUG_INFORMATION_FORMAT = dwarf;
				ENABLE_STRICT_OBJC_MSGSEND = YES;
				ENABLE_TESTABILITY = YES;
				GCC_C_LANGUAGE_STANDARD = gnu11;
				GCC_DYNAMIC_NO_PIC = NO;
				GCC_NO_COMMON_BLOCKS = YES;
				GCC_OPTIMIZATION_LEVEL = 0;
				GCC_PREPROCESSOR_DEFINITIONS = (
					"DEBUG=1",
					"$(inherited)",
				);
				GCC_WARN_64_TO_32_BIT_CONVERSION = YES;
				GCC_WARN_ABOUT_RETURN_TYPE = YES_ERROR;
				GCC_WARN_UNDECLARED_SELECTOR = YES;
				GCC_WARN_UNINITIALIZED_AUTOS = YES_AGGRESSIVE;
				GCC_WARN_UNUSED_FUNCTION = YES;
				GCC_WARN_UNUSED_VARIABLE = YES;
				MTL_ENABLE_DEBUG_INFO = INCLUDE_SOURCE;
				MTL_FAST_MATH = YES;
				ONLY_ACTIVE_ARCH = YES;
				SWIFT_ACTIVE_COMPILATION_CONDITIONS = DEBUG;
				SWIFT_OPTIMIZATION_LEVEL = "-Onone";
			};
			name = Debug;
		};
		498C31702797065700E8CF3E /* Release */ = {
			isa = XCBuildConfiguration;
			buildSettings = {
				ALWAYS_SEARCH_USER_PATHS = NO;
				CLANG_ANALYZER_NONNULL = YES;
				CLANG_ANALYZER_NUMBER_OBJECT_CONVERSION = YES_AGGRESSIVE;
				CLANG_CXX_LANGUAGE_STANDARD = "gnu++17";
				CLANG_CXX_LIBRARY = "libc++";
				CLANG_ENABLE_MODULES = YES;
				CLANG_ENABLE_OBJC_ARC = YES;
				CLANG_ENABLE_OBJC_WEAK = YES;
				CLANG_WARN_BLOCK_CAPTURE_AUTORELEASING = YES;
				CLANG_WARN_BOOL_CONVERSION = YES;
				CLANG_WARN_COMMA = YES;
				CLANG_WARN_CONSTANT_CONVERSION = YES;
				CLANG_WARN_DEPRECATED_OBJC_IMPLEMENTATIONS = YES;
				CLANG_WARN_DIRECT_OBJC_ISA_USAGE = YES_ERROR;
				CLANG_WARN_DOCUMENTATION_COMMENTS = YES;
				CLANG_WARN_EMPTY_BODY = YES;
				CLANG_WARN_ENUM_CONVERSION = YES;
				CLANG_WARN_INFINITE_RECURSION = YES;
				CLANG_WARN_INT_CONVERSION = YES;
				CLANG_WARN_NON_LITERAL_NULL_CONVERSION = YES;
				CLANG_WARN_OBJC_IMPLICIT_RETAIN_SELF = YES;
				CLANG_WARN_OBJC_LITERAL_CONVERSION = YES;
				CLANG_WARN_OBJC_ROOT_CLASS = YES_ERROR;
				CLANG_WARN_QUOTED_INCLUDE_IN_FRAMEWORK_HEADER = YES;
				CLANG_WARN_RANGE_LOOP_ANALYSIS = YES;
				CLANG_WARN_STRICT_PROTOTYPES = YES;
				CLANG_WARN_SUSPICIOUS_MOVE = YES;
				CLANG_WARN_UNGUARDED_AVAILABILITY = YES_AGGRESSIVE;
				CLANG_WARN_UNREACHABLE_CODE = YES;
				CLANG_WARN__DUPLICATE_METHOD_MATCH = YES;
				COPY_PHASE_STRIP = NO;
				DEBUG_INFORMATION_FORMAT = "dwarf-with-dsym";
				ENABLE_NS_ASSERTIONS = NO;
				ENABLE_STRICT_OBJC_MSGSEND = YES;
				GCC_C_LANGUAGE_STANDARD = gnu11;
				GCC_NO_COMMON_BLOCKS = YES;
				GCC_WARN_64_TO_32_BIT_CONVERSION = YES;
				GCC_WARN_ABOUT_RETURN_TYPE = YES_ERROR;
				GCC_WARN_UNDECLARED_SELECTOR = YES;
				GCC_WARN_UNINITIALIZED_AUTOS = YES_AGGRESSIVE;
				GCC_WARN_UNUSED_FUNCTION = YES;
				GCC_WARN_UNUSED_VARIABLE = YES;
				MTL_ENABLE_DEBUG_INFO = NO;
				MTL_FAST_MATH = YES;
				SWIFT_COMPILATION_MODE = wholemodule;
				SWIFT_OPTIMIZATION_LEVEL = "-O";
			};
			name = Release;
		};
		498C31722797065700E8CF3E /* Debug */ = {
			isa = XCBuildConfiguration;
			buildSettings = {
				ASSETCATALOG_COMPILER_APPICON_NAME = AppIcon;
				ASSETCATALOG_COMPILER_GLOBAL_ACCENT_COLOR_NAME = AccentColor;
				CODE_SIGN_STYLE = Automatic;
				CURRENT_PROJECT_VERSION = 1;
				DEVELOPMENT_TEAM = 6WTD6KAA94;
				ENABLE_PREVIEWS = YES;
				GENERATE_INFOPLIST_FILE = YES;
				INFOPLIST_KEY_UIApplicationSceneManifest_Generation = YES;
				INFOPLIST_KEY_UIApplicationSupportsIndirectInputEvents = YES;
				INFOPLIST_KEY_UILaunchScreen_Generation = YES;
				INFOPLIST_KEY_UISupportedInterfaceOrientations_iPad = "UIInterfaceOrientationPortrait UIInterfaceOrientationPortraitUpsideDown UIInterfaceOrientationLandscapeLeft UIInterfaceOrientationLandscapeRight";
				INFOPLIST_KEY_UISupportedInterfaceOrientations_iPhone = "UIInterfaceOrientationPortrait UIInterfaceOrientationLandscapeLeft UIInterfaceOrientationLandscapeRight";
				IPHONEOS_DEPLOYMENT_TARGET = 15.2;
				LD_RUNPATH_SEARCH_PATHS = (
					"$(inherited)",
					"@executable_path/Frameworks",
				);
				MARKETING_VERSION = 1.0;
				PRODUCT_BUNDLE_IDENTIFIER = com.FarukEfeYencilek.TrekrApp;
				PRODUCT_NAME = TrekrApp;
				SDKROOT = iphoneos;
				SWIFT_EMIT_LOC_STRINGS = YES;
				SWIFT_VERSION = 5.0;
				TARGETED_DEVICE_FAMILY = "1,2";
			};
			name = Debug;
		};
		498C31732797065700E8CF3E /* Release */ = {
			isa = XCBuildConfiguration;
			buildSettings = {
				ASSETCATALOG_COMPILER_APPICON_NAME = AppIcon;
				ASSETCATALOG_COMPILER_GLOBAL_ACCENT_COLOR_NAME = AccentColor;
				CODE_SIGN_STYLE = Automatic;
				CURRENT_PROJECT_VERSION = 1;
				DEVELOPMENT_TEAM = 6WTD6KAA94;
				ENABLE_PREVIEWS = YES;
				GENERATE_INFOPLIST_FILE = YES;
				INFOPLIST_KEY_UIApplicationSceneManifest_Generation = YES;
				INFOPLIST_KEY_UIApplicationSupportsIndirectInputEvents = YES;
				INFOPLIST_KEY_UILaunchScreen_Generation = YES;
				INFOPLIST_KEY_UISupportedInterfaceOrientations_iPad = "UIInterfaceOrientationPortrait UIInterfaceOrientationPortraitUpsideDown UIInterfaceOrientationLandscapeLeft UIInterfaceOrientationLandscapeRight";
				INFOPLIST_KEY_UISupportedInterfaceOrientations_iPhone = "UIInterfaceOrientationPortrait UIInterfaceOrientationLandscapeLeft UIInterfaceOrientationLandscapeRight";
				IPHONEOS_DEPLOYMENT_TARGET = 15.2;
				LD_RUNPATH_SEARCH_PATHS = (
					"$(inherited)",
					"@executable_path/Frameworks",
				);
				MARKETING_VERSION = 1.0;
				PRODUCT_BUNDLE_IDENTIFIER = com.FarukEfeYencilek.TrekrApp;
				PRODUCT_NAME = TrekrApp;
				SDKROOT = iphoneos;
				SWIFT_EMIT_LOC_STRINGS = YES;
				SWIFT_VERSION = 5.0;
				TARGETED_DEVICE_FAMILY = "1,2";
				VALIDATE_PRODUCT = YES;
			};
			name = Release;
		};
		498C31752797065700E8CF3E /* Debug */ = {
			isa = XCBuildConfiguration;
			buildSettings = {
				ASSETCATALOG_COMPILER_APPICON_NAME = AppIcon;
				ASSETCATALOG_COMPILER_GLOBAL_ACCENT_COLOR_NAME = AccentColor;
				CODE_SIGN_ENTITLEMENTS = macOS/macOS.entitlements;
				CODE_SIGN_STYLE = Automatic;
				COMBINE_HIDPI_IMAGES = YES;
				CURRENT_PROJECT_VERSION = 1;
				DEVELOPMENT_TEAM = 6WTD6KAA94;
				ENABLE_HARDENED_RUNTIME = YES;
				ENABLE_PREVIEWS = YES;
				GENERATE_INFOPLIST_FILE = YES;
				INFOPLIST_KEY_NSHumanReadableCopyright = "";
				LD_RUNPATH_SEARCH_PATHS = (
					"$(inherited)",
					"@executable_path/../Frameworks",
				);
				MACOSX_DEPLOYMENT_TARGET = 12.1;
				MARKETING_VERSION = 1.0;
				PRODUCT_BUNDLE_IDENTIFIER = com.FarukEfeYencilek.TrekrApp;
				PRODUCT_NAME = TrekrApp;
				SDKROOT = macosx;
				SWIFT_EMIT_LOC_STRINGS = YES;
				SWIFT_VERSION = 5.0;
			};
			name = Debug;
		};
		498C31762797065700E8CF3E /* Release */ = {
			isa = XCBuildConfiguration;
			buildSettings = {
				ASSETCATALOG_COMPILER_APPICON_NAME = AppIcon;
				ASSETCATALOG_COMPILER_GLOBAL_ACCENT_COLOR_NAME = AccentColor;
				CODE_SIGN_ENTITLEMENTS = macOS/macOS.entitlements;
				CODE_SIGN_STYLE = Automatic;
				COMBINE_HIDPI_IMAGES = YES;
				CURRENT_PROJECT_VERSION = 1;
				DEVELOPMENT_TEAM = 6WTD6KAA94;
				ENABLE_HARDENED_RUNTIME = YES;
				ENABLE_PREVIEWS = YES;
				GENERATE_INFOPLIST_FILE = YES;
				INFOPLIST_KEY_NSHumanReadableCopyright = "";
				LD_RUNPATH_SEARCH_PATHS = (
					"$(inherited)",
					"@executable_path/../Frameworks",
				);
				MACOSX_DEPLOYMENT_TARGET = 12.1;
				MARKETING_VERSION = 1.0;
				PRODUCT_BUNDLE_IDENTIFIER = com.FarukEfeYencilek.TrekrApp;
				PRODUCT_NAME = TrekrApp;
				SDKROOT = macosx;
				SWIFT_EMIT_LOC_STRINGS = YES;
				SWIFT_VERSION = 5.0;
			};
			name = Release;
		};
/* End XCBuildConfiguration section */

/* Begin XCConfigurationList section */
		498C31572797065500E8CF3E /* Build configuration list for PBXProject "TrekrApp" */ = {
			isa = XCConfigurationList;
			buildConfigurations = (
				498C316F2797065700E8CF3E /* Debug */,
				498C31702797065700E8CF3E /* Release */,
			);
			defaultConfigurationIsVisible = 0;
			defaultConfigurationName = Release;
		};
		498C31712797065700E8CF3E /* Build configuration list for PBXNativeTarget "TrekrApp (iOS)" */ = {
			isa = XCConfigurationList;
			buildConfigurations = (
				498C31722797065700E8CF3E /* Debug */,
				498C31732797065700E8CF3E /* Release */,
			);
			defaultConfigurationIsVisible = 0;
			defaultConfigurationName = Release;
		};
		498C31742797065700E8CF3E /* Build configuration list for PBXNativeTarget "TrekrApp (macOS)" */ = {
			isa = XCConfigurationList;
			buildConfigurations = (
				498C31752797065700E8CF3E /* Debug */,
				498C31762797065700E8CF3E /* Release */,
			);
			defaultConfigurationIsVisible = 0;
			defaultConfigurationName = Release;
		};
/* End XCConfigurationList section */
	};
	rootObject = 498C31542797065500E8CF3E /* Project object */;
}
